
Microsoft Visual Studio Solution File, Format Version 12.00
# Visual Studio 15
VisualStudioVersion = 15.0.26430.16
MinimumVisualStudioVersion = 10.0.40219.1
Project("{FAE04EC0-301F-11D3-BF4B-00C04F79EFBC}") = "XamFormsAppTest.Android", "XamFormsAppTest\XamFormsAppTest.Android\XamFormsAppTest.Android.csproj", "{788F8DF2-1F4E-4DAB-AB4C-31FBDDC34917}"
EndProject
Project("{FAE04EC0-301F-11D3-BF4B-00C04F79EFBC}") = "XamFormsAppTest", "XamFormsAppTest\XamFormsAppTest\XamFormsAppTest.csproj", "{9D3B1B0F-34BD-4089-9E0B-604C793153FB}"
EndProject
Project("{FAE04EC0-301F-11D3-BF4B-00C04F79EFBC}") = "XamFormsAppTest.UWP", "XamFormsAppTest\XamFormsAppTest.UWP\XamFormsAppTest.UWP.csproj", "{0604E9B8-2C7F-4C52-8AF6-C42EE4DE9D07}"
EndProject
Project("{FAE04EC0-301F-11D3-BF4B-00C04F79EFBC}") = "XamFormsAppTest.iOS", "XamFormsAppTest\XamFormsAppTest.iOS\XamFormsAppTest.iOS.csproj", "{343649F7-8492-4D05-9B90-43AB22D0BF26}"
EndProject
Global
	GlobalSection(SolutionConfigurationPlatforms) = preSolution
		Ad-Hoc|Any CPU = Ad-Hoc|Any CPU
		Ad-Hoc|ARM = Ad-Hoc|ARM
		Ad-Hoc|iPhone = Ad-Hoc|iPhone
		Ad-Hoc|iPhoneSimulator = Ad-Hoc|iPhoneSimulator
		Ad-Hoc|x64 = Ad-Hoc|x64
		Ad-Hoc|x86 = Ad-Hoc|x86
		AppStore|Any CPU = AppStore|Any CPU
		AppStore|ARM = AppStore|ARM
		AppStore|iPhone = AppStore|iPhone
		AppStore|iPhoneSimulator = AppStore|iPhoneSimulator
		AppStore|x64 = AppStore|x64
		AppStore|x86 = AppStore|x86
		Debug|Any CPU = Debug|Any CPU
		Debug|ARM = Debug|ARM
		Debug|iPhone = Debug|iPhone
		Debug|iPhoneSimulator = Debug|iPhoneSimulator
		Debug|x64 = Debug|x64
		Debug|x86 = Debug|x86
		Release|Any CPU = Release|Any CPU
		Release|ARM = Release|ARM
		Release|iPhone = Release|iPhone
		Release|iPhoneSimulator = Release|iPhoneSimulator
		Release|x64 = Release|x64
		Release|x86 = Release|x86
	EndGlobalSection
	GlobalSection(ProjectConfigurationPlatforms) = postSolution
		{788F8DF2-1F4E-4DAB-AB4C-31FBDDC34917}.Ad-Hoc|Any CPU.ActiveCfg = Release|Any CPU
		{788F8DF2-1F4E-4DAB-AB4C-31FBDDC34917}.Ad-Hoc|Any CPU.Build.0 = Release|Any CPU
		{788F8DF2-1F4E-4DAB-AB4C-31FBDDC34917}.Ad-Hoc|Any CPU.Deploy.0 = Release|Any CPU
		{788F8DF2-1F4E-4DAB-AB4C-31FBDDC34917}.Ad-Hoc|ARM.ActiveCfg = Release|Any CPU
		{788F8DF2-1F4E-4DAB-AB4C-31FBDDC34917}.Ad-Hoc|ARM.Build.0 = Release|Any CPU
		{788F8DF2-1F4E-4DAB-AB4C-31FBDDC34917}.Ad-Hoc|ARM.Deploy.0 = Release|Any CPU
		{788F8DF2-1F4E-4DAB-AB4C-31FBDDC34917}.Ad-Hoc|iPhone.ActiveCfg = Release|Any CPU
		{788F8DF2-1F4E-4DAB-AB4C-31FBDDC34917}.Ad-Hoc|iPhone.Build.0 = Release|Any CPU
		{788F8DF2-1F4E-4DAB-AB4C-31FBDDC34917}.Ad-Hoc|iPhone.Deploy.0 = Release|Any CPU
		{788F8DF2-1F4E-4DAB-AB4C-31FBDDC34917}.Ad-Hoc|iPhoneSimulator.ActiveCfg = Release|Any CPU
		{788F8DF2-1F4E-4DAB-AB4C-31FBDDC34917}.Ad-Hoc|iPhoneSimulator.Build.0 = Release|Any CPU
		{788F8DF2-1F4E-4DAB-AB4C-31FBDDC34917}.Ad-Hoc|iPhoneSimulator.Deploy.0 = Release|Any CPU
		{788F8DF2-1F4E-4DAB-AB4C-31FBDDC34917}.Ad-Hoc|x64.ActiveCfg = Release|Any CPU
		{788F8DF2-1F4E-4DAB-AB4C-31FBDDC34917}.Ad-Hoc|x64.Build.0 = Release|Any CPU
		{788F8DF2-1F4E-4DAB-AB4C-31FBDDC34917}.Ad-Hoc|x64.Deploy.0 = Release|Any CPU
		{788F8DF2-1F4E-4DAB-AB4C-31FBDDC34917}.Ad-Hoc|x86.ActiveCfg = Release|Any CPU
		{788F8DF2-1F4E-4DAB-AB4C-31FBDDC34917}.Ad-Hoc|x86.Build.0 = Release|Any CPU
		{788F8DF2-1F4E-4DAB-AB4C-31FBDDC34917}.Ad-Hoc|x86.Deploy.0 = Release|Any CPU
		{788F8DF2-1F4E-4DAB-AB4C-31FBDDC34917}.AppStore|Any CPU.ActiveCfg = Release|Any CPU
		{788F8DF2-1F4E-4DAB-AB4C-31FBDDC34917}.AppStore|Any CPU.Build.0 = Release|Any CPU
		{788F8DF2-1F4E-4DAB-AB4C-31FBDDC34917}.AppStore|Any CPU.Deploy.0 = Release|Any CPU
		{788F8DF2-1F4E-4DAB-AB4C-31FBDDC34917}.AppStore|ARM.ActiveCfg = Release|Any CPU
		{788F8DF2-1F4E-4DAB-AB4C-31FBDDC34917}.AppStore|ARM.Build.0 = Release|Any CPU
		{788F8DF2-1F4E-4DAB-AB4C-31FBDDC34917}.AppStore|ARM.Deploy.0 = Release|Any CPU
		{788F8DF2-1F4E-4DAB-AB4C-31FBDDC34917}.AppStore|iPhone.ActiveCfg = Release|Any CPU
		{788F8DF2-1F4E-4DAB-AB4C-31FBDDC34917}.AppStore|iPhone.Build.0 = Release|Any CPU
		{788F8DF2-1F4E-4DAB-AB4C-31FBDDC34917}.AppStore|iPhone.Deploy.0 = Release|Any CPU
		{788F8DF2-1F4E-4DAB-AB4C-31FBDDC34917}.AppStore|iPhoneSimulator.ActiveCfg = Release|Any CPU
		{788F8DF2-1F4E-4DAB-AB4C-31FBDDC34917}.AppStore|iPhoneSimulator.Build.0 = Release|Any CPU
		{788F8DF2-1F4E-4DAB-AB4C-31FBDDC34917}.AppStore|iPhoneSimulator.Deploy.0 = Release|Any CPU
		{788F8DF2-1F4E-4DAB-AB4C-31FBDDC34917}.AppStore|x64.ActiveCfg = Release|Any CPU
		{788F8DF2-1F4E-4DAB-AB4C-31FBDDC34917}.AppStore|x64.Build.0 = Release|Any CPU
		{788F8DF2-1F4E-4DAB-AB4C-31FBDDC34917}.AppStore|x64.Deploy.0 = Release|Any CPU
		{788F8DF2-1F4E-4DAB-AB4C-31FBDDC34917}.AppStore|x86.ActiveCfg = Release|Any CPU
		{788F8DF2-1F4E-4DAB-AB4C-31FBDDC34917}.AppStore|x86.Build.0 = Release|Any CPU
		{788F8DF2-1F4E-4DAB-AB4C-31FBDDC34917}.AppStore|x86.Deploy.0 = Release|Any CPU
		{788F8DF2-1F4E-4DAB-AB4C-31FBDDC34917}.Debug|Any CPU.ActiveCfg = Debug|Any CPU
		{788F8DF2-1F4E-4DAB-AB4C-31FBDDC34917}.Debug|Any CPU.Build.0 = Debug|Any CPU
		{788F8DF2-1F4E-4DAB-AB4C-31FBDDC34917}.Debug|Any CPU.Deploy.0 = Debug|Any CPU
		{788F8DF2-1F4E-4DAB-AB4C-31FBDDC34917}.Debug|ARM.ActiveCfg = Debug|Any CPU
		{788F8DF2-1F4E-4DAB-AB4C-31FBDDC34917}.Debug|ARM.Build.0 = Debug|Any CPU
		{788F8DF2-1F4E-4DAB-AB4C-31FBDDC34917}.Debug|ARM.Deploy.0 = Debug|Any CPU
		{788F8DF2-1F4E-4DAB-AB4C-31FBDDC34917}.Debug|iPhone.ActiveCfg = Debug|Any CPU
		{788F8DF2-1F4E-4DAB-AB4C-31FBDDC34917}.Debug|iPhone.Build.0 = Debug|Any CPU
		{788F8DF2-1F4E-4DAB-AB4C-31FBDDC34917}.Debug|iPhone.Deploy.0 = Debug|Any CPU
		{788F8DF2-1F4E-4DAB-AB4C-31FBDDC34917}.Debug|iPhoneSimulator.ActiveCfg = Debug|Any CPU
		{788F8DF2-1F4E-4DAB-AB4C-31FBDDC34917}.Debug|iPhoneSimulator.Build.0 = Debug|Any CPU
		{788F8DF2-1F4E-4DAB-AB4C-31FBDDC34917}.Debug|iPhoneSimulator.Deploy.0 = Debug|Any CPU
		{788F8DF2-1F4E-4DAB-AB4C-31FBDDC34917}.Debug|x64.ActiveCfg = Debug|Any CPU
		{788F8DF2-1F4E-4DAB-AB4C-31FBDDC34917}.Debug|x64.Build.0 = Debug|Any CPU
		{788F8DF2-1F4E-4DAB-AB4C-31FBDDC34917}.Debug|x64.Deploy.0 = Debug|Any CPU
		{788F8DF2-1F4E-4DAB-AB4C-31FBDDC34917}.Debug|x86.ActiveCfg = Debug|Any CPU
		{788F8DF2-1F4E-4DAB-AB4C-31FBDDC34917}.Debug|x86.Build.0 = Debug|Any CPU
		{788F8DF2-1F4E-4DAB-AB4C-31FBDDC34917}.Debug|x86.Deploy.0 = Debug|Any CPU
		{788F8DF2-1F4E-4DAB-AB4C-31FBDDC34917}.Release|Any CPU.ActiveCfg = Release|Any CPU
		{788F8DF2-1F4E-4DAB-AB4C-31FBDDC34917}.Release|Any CPU.Build.0 = Release|Any CPU
		{788F8DF2-1F4E-4DAB-AB4C-31FBDDC34917}.Release|Any CPU.Deploy.0 = Release|Any CPU
		{788F8DF2-1F4E-4DAB-AB4C-31FBDDC34917}.Release|ARM.ActiveCfg = Release|Any CPU
		{788F8DF2-1F4E-4DAB-AB4C-31FBDDC34917}.Release|ARM.Build.0 = Release|Any CPU
		{788F8DF2-1F4E-4DAB-AB4C-31FBDDC34917}.Release|ARM.Deploy.0 = Release|Any CPU
		{788F8DF2-1F4E-4DAB-AB4C-31FBDDC34917}.Release|iPhone.ActiveCfg = Release|Any CPU
		{788F8DF2-1F4E-4DAB-AB4C-31FBDDC34917}.Release|iPhone.Build.0 = Release|Any CPU
		{788F8DF2-1F4E-4DAB-AB4C-31FBDDC34917}.Release|iPhone.Deploy.0 = Release|Any CPU
		{788F8DF2-1F4E-4DAB-AB4C-31FBDDC34917}.Release|iPhoneSimulator.ActiveCfg = Release|Any CPU
		{788F8DF2-1F4E-4DAB-AB4C-31FBDDC34917}.Release|iPhoneSimulator.Build.0 = Release|Any CPU
		{788F8DF2-1F4E-4DAB-AB4C-31FBDDC34917}.Release|iPhoneSimulator.Deploy.0 = Release|Any CPU
		{788F8DF2-1F4E-4DAB-AB4C-31FBDDC34917}.Release|x64.ActiveCfg = Release|Any CPU
		{788F8DF2-1F4E-4DAB-AB4C-31FBDDC34917}.Release|x64.Build.0 = Release|Any CPU
		{788F8DF2-1F4E-4DAB-AB4C-31FBDDC34917}.Release|x64.Deploy.0 = Release|Any CPU
		{788F8DF2-1F4E-4DAB-AB4C-31FBDDC34917}.Release|x86.ActiveCfg = Release|Any CPU
		{788F8DF2-1F4E-4DAB-AB4C-31FBDDC34917}.Release|x86.Build.0 = Release|Any CPU
		{788F8DF2-1F4E-4DAB-AB4C-31FBDDC34917}.Release|x86.Deploy.0 = Release|Any CPU
		{9D3B1B0F-34BD-4089-9E0B-604C793153FB}.Ad-Hoc|Any CPU.ActiveCfg = Release|Any CPU
		{9D3B1B0F-34BD-4089-9E0B-604C793153FB}.Ad-Hoc|Any CPU.Build.0 = Release|Any CPU
		{9D3B1B0F-34BD-4089-9E0B-604C793153FB}.Ad-Hoc|ARM.ActiveCfg = Release|Any CPU
		{9D3B1B0F-34BD-4089-9E0B-604C793153FB}.Ad-Hoc|ARM.Build.0 = Release|Any CPU
		{9D3B1B0F-34BD-4089-9E0B-604C793153FB}.Ad-Hoc|iPhone.ActiveCfg = Release|Any CPU
		{9D3B1B0F-34BD-4089-9E0B-604C793153FB}.Ad-Hoc|iPhone.Build.0 = Release|Any CPU
		{9D3B1B0F-34BD-4089-9E0B-604C793153FB}.Ad-Hoc|iPhoneSimulator.ActiveCfg = Release|Any CPU
		{9D3B1B0F-34BD-4089-9E0B-604C793153FB}.Ad-Hoc|iPhoneSimulator.Build.0 = Release|Any CPU
		{9D3B1B0F-34BD-4089-9E0B-604C793153FB}.Ad-Hoc|x64.ActiveCfg = Release|Any CPU
		{9D3B1B0F-34BD-4089-9E0B-604C793153FB}.Ad-Hoc|x64.Build.0 = Release|Any CPU
		{9D3B1B0F-34BD-4089-9E0B-604C793153FB}.Ad-Hoc|x86.ActiveCfg = Release|Any CPU
		{9D3B1B0F-34BD-4089-9E0B-604C793153FB}.Ad-Hoc|x86.Build.0 = Release|Any CPU
		{9D3B1B0F-34BD-4089-9E0B-604C793153FB}.AppStore|Any CPU.ActiveCfg = Release|Any CPU
		{9D3B1B0F-34BD-4089-9E0B-604C793153FB}.AppStore|Any CPU.Build.0 = Release|Any CPU
		{9D3B1B0F-34BD-4089-9E0B-604C793153FB}.AppStore|ARM.ActiveCfg = Release|Any CPU
		{9D3B1B0F-34BD-4089-9E0B-604C793153FB}.AppStore|ARM.Build.0 = Release|Any CPU
		{9D3B1B0F-34BD-4089-9E0B-604C793153FB}.AppStore|iPhone.ActiveCfg = Release|Any CPU
		{9D3B1B0F-34BD-4089-9E0B-604C793153FB}.AppStore|iPhone.Build.0 = Release|Any CPU
		{9D3B1B0F-34BD-4089-9E0B-604C793153FB}.AppStore|iPhoneSimulator.ActiveCfg = Release|Any CPU
		{9D3B1B0F-34BD-4089-9E0B-604C793153FB}.AppStore|iPhoneSimulator.Build.0 = Release|Any CPU
		{9D3B1B0F-34BD-4089-9E0B-604C793153FB}.AppStore|x64.ActiveCfg = Release|Any CPU
		{9D3B1B0F-34BD-4089-9E0B-604C793153FB}.AppStore|x64.Build.0 = Release|Any CPU
		{9D3B1B0F-34BD-4089-9E0B-604C793153FB}.AppStore|x86.ActiveCfg = Release|Any CPU
		{9D3B1B0F-34BD-4089-9E0B-604C793153FB}.AppStore|x86.Build.0 = Release|Any CPU
		{9D3B1B0F-34BD-4089-9E0B-604C793153FB}.Debug|Any CPU.ActiveCfg = Debug|Any CPU
		{9D3B1B0F-34BD-4089-9E0B-604C793153FB}.Debug|Any CPU.Build.0 = Debug|Any CPU
		{9D3B1B0F-34BD-4089-9E0B-604C793153FB}.Debug|ARM.ActiveCfg = Debug|Any CPU
		{9D3B1B0F-34BD-4089-9E0B-604C793153FB}.Debug|ARM.Build.0 = Debug|Any CPU
		{9D3B1B0F-34BD-4089-9E0B-604C793153FB}.Debug|iPhone.ActiveCfg = Debug|Any CPU
		{9D3B1B0F-34BD-4089-9E0B-604C793153FB}.Debug|iPhone.Build.0 = Debug|Any CPU
		{9D3B1B0F-34BD-4089-9E0B-604C793153FB}.Debug|iPhoneSimulator.ActiveCfg = Debug|Any CPU
		{9D3B1B0F-34BD-4089-9E0B-604C793153FB}.Debug|iPhoneSimulator.Build.0 = Debug|Any CPU
		{9D3B1B0F-34BD-4089-9E0B-604C793153FB}.Debug|x64.ActiveCfg = Debug|Any CPU
		{9D3B1B0F-34BD-4089-9E0B-604C793153FB}.Debug|x64.Build.0 = Debug|Any CPU
		{9D3B1B0F-34BD-4089-9E0B-604C793153FB}.Debug|x86.ActiveCfg = Debug|Any CPU
		{9D3B1B0F-34BD-4089-9E0B-604C793153FB}.Debug|x86.Build.0 = Debug|Any CPU
		{9D3B1B0F-34BD-4089-9E0B-604C793153FB}.Release|Any CPU.ActiveCfg = Release|Any CPU
		{9D3B1B0F-34BD-4089-9E0B-604C793153FB}.Release|Any CPU.Build.0 = Release|Any CPU
		{9D3B1B0F-34BD-4089-9E0B-604C793153FB}.Release|ARM.ActiveCfg = Release|Any CPU
		{9D3B1B0F-34BD-4089-9E0B-604C793153FB}.Release|ARM.Build.0 = Release|Any CPU
		{9D3B1B0F-34BD-4089-9E0B-604C793153FB}.Release|iPhone.ActiveCfg = Release|Any CPU
		{9D3B1B0F-34BD-4089-9E0B-604C793153FB}.Release|iPhone.Build.0 = Release|Any CPU
		{9D3B1B0F-34BD-4089-9E0B-604C793153FB}.Release|iPhoneSimulator.ActiveCfg = Release|Any CPU
		{9D3B1B0F-34BD-4089-9E0B-604C793153FB}.Release|iPhoneSimulator.Build.0 = Release|Any CPU
		{9D3B1B0F-34BD-4089-9E0B-604C793153FB}.Release|x64.ActiveCfg = Release|Any CPU
		{9D3B1B0F-34BD-4089-9E0B-604C793153FB}.Release|x64.Build.0 = Release|Any CPU
		{9D3B1B0F-34BD-4089-9E0B-604C793153FB}.Release|x86.ActiveCfg = Release|Any CPU
		{9D3B1B0F-34BD-4089-9E0B-604C793153FB}.Release|x86.Build.0 = Release|Any CPU
		{0604E9B8-2C7F-4C52-8AF6-C42EE4DE9D07}.Ad-Hoc|Any CPU.ActiveCfg = Release|x86
		{0604E9B8-2C7F-4C52-8AF6-C42EE4DE9D07}.Ad-Hoc|Any CPU.Build.0 = Release|x86
		{0604E9B8-2C7F-4C52-8AF6-C42EE4DE9D07}.Ad-Hoc|Any CPU.Deploy.0 = Release|x86
		{0604E9B8-2C7F-4C52-8AF6-C42EE4DE9D07}.Ad-Hoc|ARM.ActiveCfg = Release|ARM
		{0604E9B8-2C7F-4C52-8AF6-C42EE4DE9D07}.Ad-Hoc|ARM.Build.0 = Release|ARM
		{0604E9B8-2C7F-4C52-8AF6-C42EE4DE9D07}.Ad-Hoc|ARM.Deploy.0 = Release|ARM
		{0604E9B8-2C7F-4C52-8AF6-C42EE4DE9D07}.Ad-Hoc|iPhone.ActiveCfg = Release|x86
		{0604E9B8-2C7F-4C52-8AF6-C42EE4DE9D07}.Ad-Hoc|iPhone.Build.0 = Release|x86
		{0604E9B8-2C7F-4C52-8AF6-C42EE4DE9D07}.Ad-Hoc|iPhone.Deploy.0 = Release|x86
		{0604E9B8-2C7F-4C52-8AF6-C42EE4DE9D07}.Ad-Hoc|iPhoneSimulator.ActiveCfg = Release|x86
		{0604E9B8-2C7F-4C52-8AF6-C42EE4DE9D07}.Ad-Hoc|iPhoneSimulator.Build.0 = Release|x86
		{0604E9B8-2C7F-4C52-8AF6-C42EE4DE9D07}.Ad-Hoc|iPhoneSimulator.Deploy.0 = Release|x86
		{0604E9B8-2C7F-4C52-8AF6-C42EE4DE9D07}.Ad-Hoc|x64.ActiveCfg = Release|x64
		{0604E9B8-2C7F-4C52-8AF6-C42EE4DE9D07}.Ad-Hoc|x64.Build.0 = Release|x64
		{0604E9B8-2C7F-4C52-8AF6-C42EE4DE9D07}.Ad-Hoc|x64.Deploy.0 = Release|x64
		{0604E9B8-2C7F-4C52-8AF6-C42EE4DE9D07}.Ad-Hoc|x86.ActiveCfg = Release|x86
		{0604E9B8-2C7F-4C52-8AF6-C42EE4DE9D07}.Ad-Hoc|x86.Build.0 = Release|x86
		{0604E9B8-2C7F-4C52-8AF6-C42EE4DE9D07}.Ad-Hoc|x86.Deploy.0 = Release|x86
		{0604E9B8-2C7F-4C52-8AF6-C42EE4DE9D07}.AppStore|Any CPU.ActiveCfg = Release|x86
		{0604E9B8-2C7F-4C52-8AF6-C42EE4DE9D07}.AppStore|Any CPU.Build.0 = Release|x86
		{0604E9B8-2C7F-4C52-8AF6-C42EE4DE9D07}.AppStore|Any CPU.Deploy.0 = Release|x86
		{0604E9B8-2C7F-4C52-8AF6-C42EE4DE9D07}.AppStore|ARM.ActiveCfg = Release|ARM
		{0604E9B8-2C7F-4C52-8AF6-C42EE4DE9D07}.AppStore|ARM.Build.0 = Release|ARM
		{0604E9B8-2C7F-4C52-8AF6-C42EE4DE9D07}.AppStore|ARM.Deploy.0 = Release|ARM
		{0604E9B8-2C7F-4C52-8AF6-C42EE4DE9D07}.AppStore|iPhone.ActiveCfg = Release|x86
		{0604E9B8-2C7F-4C52-8AF6-C42EE4DE9D07}.AppStore|iPhone.Build.0 = Release|x86
		{0604E9B8-2C7F-4C52-8AF6-C42EE4DE9D07}.AppStore|iPhone.Deploy.0 = Release|x86
		{0604E9B8-2C7F-4C52-8AF6-C42EE4DE9D07}.AppStore|iPhoneSimulator.ActiveCfg = Release|x86
		{0604E9B8-2C7F-4C52-8AF6-C42EE4DE9D07}.AppStore|iPhoneSimulator.Build.0 = Release|x86
		{0604E9B8-2C7F-4C52-8AF6-C42EE4DE9D07}.AppStore|iPhoneSimulator.Deploy.0 = Release|x86
		{0604E9B8-2C7F-4C52-8AF6-C42EE4DE9D07}.AppStore|x64.ActiveCfg = Release|x64
		{0604E9B8-2C7F-4C52-8AF6-C42EE4DE9D07}.AppStore|x64.Build.0 = Release|x64
		{0604E9B8-2C7F-4C52-8AF6-C42EE4DE9D07}.AppStore|x64.Deploy.0 = Release|x64
		{0604E9B8-2C7F-4C52-8AF6-C42EE4DE9D07}.AppStore|x86.ActiveCfg = Release|x86
		{0604E9B8-2C7F-4C52-8AF6-C42EE4DE9D07}.AppStore|x86.Build.0 = Release|x86
		{0604E9B8-2C7F-4C52-8AF6-C42EE4DE9D07}.AppStore|x86.Deploy.0 = Release|x86
		{0604E9B8-2C7F-4C52-8AF6-C42EE4DE9D07}.Debug|Any CPU.ActiveCfg = Debug|x86
		{0604E9B8-2C7F-4C52-8AF6-C42EE4DE9D07}.Debug|Any CPU.Build.0 = Debug|x86
		{0604E9B8-2C7F-4C52-8AF6-C42EE4DE9D07}.Debug|Any CPU.Deploy.0 = Debug|x86
		{0604E9B8-2C7F-4C52-8AF6-C42EE4DE9D07}.Debug|ARM.ActiveCfg = Debug|ARM
		{0604E9B8-2C7F-4C52-8AF6-C42EE4DE9D07}.Debug|ARM.Build.0 = Debug|ARM
		{0604E9B8-2C7F-4C52-8AF6-C42EE4DE9D07}.Debug|ARM.Deploy.0 = Debug|ARM
		{0604E9B8-2C7F-4C52-8AF6-C42EE4DE9D07}.Debug|iPhone.ActiveCfg = Debug|x86
		{0604E9B8-2C7F-4C52-8AF6-C42EE4DE9D07}.Debug|iPhoneSimulator.ActiveCfg = Debug|x86
		{0604E9B8-2C7F-4C52-8AF6-C42EE4DE9D07}.Debug|x64.ActiveCfg = Debug|x64
		{0604E9B8-2C7F-4C52-8AF6-C42EE4DE9D07}.Debug|x64.Build.0 = Debug|x64
		{0604E9B8-2C7F-4C52-8AF6-C42EE4DE9D07}.Debug|x64.Deploy.0 = Debug|x64
		{0604E9B8-2C7F-4C52-8AF6-C42EE4DE9D07}.Debug|x86.ActiveCfg = Debug|x86
		{0604E9B8-2C7F-4C52-8AF6-C42EE4DE9D07}.Debug|x86.Build.0 = Debug|x86
		{0604E9B8-2C7F-4C52-8AF6-C42EE4DE9D07}.Debug|x86.Deploy.0 = Debug|x86
		{0604E9B8-2C7F-4C52-8AF6-C42EE4DE9D07}.Release|Any CPU.ActiveCfg = Release|x86
		{0604E9B8-2C7F-4C52-8AF6-C42EE4DE9D07}.Release|ARM.ActiveCfg = Release|ARM
		{0604E9B8-2C7F-4C52-8AF6-C42EE4DE9D07}.Release|ARM.Build.0 = Release|ARM
		{0604E9B8-2C7F-4C52-8AF6-C42EE4DE9D07}.Release|ARM.Deploy.0 = Release|ARM
		{0604E9B8-2C7F-4C52-8AF6-C42EE4DE9D07}.Release|iPhone.ActiveCfg = Release|x86
		{0604E9B8-2C7F-4C52-8AF6-C42EE4DE9D07}.Release|iPhoneSimulator.ActiveCfg = Release|x86
		{0604E9B8-2C7F-4C52-8AF6-C42EE4DE9D07}.Release|x64.ActiveCfg = Release|x64
		{0604E9B8-2C7F-4C52-8AF6-C42EE4DE9D07}.Release|x64.Build.0 = Release|x64
		{0604E9B8-2C7F-4C52-8AF6-C42EE4DE9D07}.Release|x64.Deploy.0 = Release|x64
		{0604E9B8-2C7F-4C52-8AF6-C42EE4DE9D07}.Release|x86.ActiveCfg = Release|x86
		{0604E9B8-2C7F-4C52-8AF6-C42EE4DE9D07}.Release|x86.Build.0 = Release|x86
		{0604E9B8-2C7F-4C52-8AF6-C42EE4DE9D07}.Release|x86.Deploy.0 = Release|x86
		{343649F7-8492-4D05-9B90-43AB22D0BF26}.Ad-Hoc|Any CPU.ActiveCfg = Ad-Hoc|iPhone
		{343649F7-8492-4D05-9B90-43AB22D0BF26}.Ad-Hoc|ARM.ActiveCfg = Ad-Hoc|iPhone
		{343649F7-8492-4D05-9B90-43AB22D0BF26}.Ad-Hoc|iPhone.ActiveCfg = Ad-Hoc|iPhone
		{343649F7-8492-4D05-9B90-43AB22D0BF26}.Ad-Hoc|iPhone.Build.0 = Ad-Hoc|iPhone
		{343649F7-8492-4D05-9B90-43AB22D0BF26}.Ad-Hoc|iPhoneSimulator.ActiveCfg = Ad-Hoc|iPhoneSimulator
		{343649F7-8492-4D05-9B90-43AB22D0BF26}.Ad-Hoc|iPhoneSimulator.Build.0 = Ad-Hoc|iPhoneSimulator
		{343649F7-8492-4D05-9B90-43AB22D0BF26}.Ad-Hoc|x64.ActiveCfg = Ad-Hoc|iPhone
		{343649F7-8492-4D05-9B90-43AB22D0BF26}.Ad-Hoc|x86.ActiveCfg = Ad-Hoc|iPhone
		{343649F7-8492-4D05-9B90-43AB22D0BF26}.AppStore|Any CPU.ActiveCfg = AppStore|iPhone
		{343649F7-8492-4D05-9B90-43AB22D0BF26}.AppStore|ARM.ActiveCfg = AppStore|iPhone
		{343649F7-8492-4D05-9B90-43AB22D0BF26}.AppStore|iPhone.ActiveCfg = AppStore|iPhone
		{343649F7-8492-4D05-9B90-43AB22D0BF26}.AppStore|iPhone.Build.0 = AppStore|iPhone
		{343649F7-8492-4D05-9B90-43AB22D0BF26}.AppStore|iPhoneSimulator.ActiveCfg = AppStore|iPhoneSimulator
		{343649F7-8492-4D05-9B90-43AB22D0BF26}.AppStore|iPhoneSimulator.Build.0 = AppStore|iPhoneSimulator
		{343649F7-8492-4D05-9B90-43AB22D0BF26}.AppStore|x64.ActiveCfg = AppStore|iPhone
		{343649F7-8492-4D05-9B90-43AB22D0BF26}.AppStore|x86.ActiveCfg = AppStore|iPhone
		{343649F7-8492-4D05-9B90-43AB22D0BF26}.Debug|Any CPU.ActiveCfg = Debug|iPhone
		{343649F7-8492-4D05-9B90-43AB22D0BF26}.Debug|ARM.ActiveCfg = Debug|iPhone
		{343649F7-8492-4D05-9B90-43AB22D0BF26}.Debug|iPhone.ActiveCfg = Debug|iPhone
		{343649F7-8492-4D05-9B90-43AB22D0BF26}.Debug|iPhone.Build.0 = Debug|iPhone
		{343649F7-8492-4D05-9B90-43AB22D0BF26}.Debug|iPhoneSimulator.ActiveCfg = Debug|iPhoneSimulator
		{343649F7-8492-4D05-9B90-43AB22D0BF26}.Debug|iPhoneSimulator.Build.0 = Debug|iPhoneSimulator
		{343649F7-8492-4D05-9B90-43AB22D0BF26}.Debug|x64.ActiveCfg = Debug|iPhone
		{343649F7-8492-4D05-9B90-43AB22D0BF26}.Debug|x86.ActiveCfg = Debug|iPhone
		{343649F7-8492-4D05-9B90-43AB22D0BF26}.Release|Any CPU.ActiveCfg = Release|iPhone
		{343649F7-8492-4D05-9B90-43AB22D0BF26}.Release|ARM.ActiveCfg = Release|iPhone
		{343649F7-8492-4D05-9B90-43AB22D0BF26}.Release|iPhone.ActiveCfg = Release|iPhone
		{343649F7-8492-4D05-9B90-43AB22D0BF26}.Release|iPhone.Build.0 = Release|iPhone
		{343649F7-8492-4D05-9B90-43AB22D0BF26}.Release|iPhoneSimulator.ActiveCfg = Release|iPhoneSimulator
		{343649F7-8492-4D05-9B90-43AB22D0BF26}.Release|iPhoneSimulator.Build.0 = Release|iPhoneSimulator
		{343649F7-8492-4D05-9B90-43AB22D0BF26}.Release|x64.ActiveCfg = Release|iPhone
		{343649F7-8492-4D05-9B90-43AB22D0BF26}.Release|x86.ActiveCfg = Release|iPhone
	EndGlobalSection
	GlobalSection(SolutionProperties) = preSolution
		HideSolutionNode = FALSE
	EndGlobalSection
EndGlobal
